
Microsoft Visual Studio Solution File, Format Version 12.00
Project("{FAE04EC0-301F-11D3-BF4B-00C04F79EFBC}") = "Test.Api", "Test.Api\Test.Api.csproj", "{B8A4A11E-6284-4240-A388-9C10CA49D97C}"
EndProject
Project("{FAE04EC0-301F-11D3-BF4B-00C04F79EFBC}") = "Test.Infrastructure", "Test.Infrastructure\Test.Infrastructure.csproj", "{7CB0688F-D03C-414B-B94E-037E5C8B5400}"
EndProject
Project("{FAE04EC0-301F-11D3-BF4B-00C04F79EFBC}") = "Test.Services", "Test.Services\Test.Services.csproj", "{F4A27061-1220-4D83-8CFE-731EA516EBA2}"
EndProject
Global
	GlobalSection(SolutionConfigurationPlatforms) = preSolution
		Debug|Any CPU = Debug|Any CPU
		Release|Any CPU = Release|Any CPU
	EndGlobalSection
	GlobalSection(ProjectConfigurationPlatforms) = postSolution
		{B8A4A11E-6284-4240-A388-9C10CA49D97C}.Debug|Any CPU.ActiveCfg = Debug|Any CPU
		{B8A4A11E-6284-4240-A388-9C10CA49D97C}.Debug|Any CPU.Build.0 = Debug|Any CPU
		{B8A4A11E-6284-4240-A388-9C10CA49D97C}.Release|Any CPU.ActiveCfg = Release|Any CPU
		{B8A4A11E-6284-4240-A388-9C10CA49D97C}.Release|Any CPU.Build.0 = Release|Any CPU
		{7CB0688F-D03C-414B-B94E-037E5C8B5400}.Debug|Any CPU.ActiveCfg = Debug|Any CPU
		{7CB0688F-D03C-414B-B94E-037E5C8B5400}.Debug|Any CPU.Build.0 = Debug|Any CPU
		{7CB0688F-D03C-414B-B94E-037E5C8B5400}.Release|Any CPU.ActiveCfg = Release|Any CPU
		{7CB0688F-D03C-414B-B94E-037E5C8B5400}.Release|Any CPU.Build.0 = Release|Any CPU
		{F4A27061-1220-4D83-8CFE-731EA516EBA2}.Debug|Any CPU.ActiveCfg = Debug|Any CPU
		{F4A27061-1220-4D83-8CFE-731EA516EBA2}.Debug|Any CPU.Build.0 = Debug|Any CPU
		{F4A27061-1220-4D83-8CFE-731EA516EBA2}.Release|Any CPU.ActiveCfg = Release|Any CPU
		{F4A27061-1220-4D83-8CFE-731EA516EBA2}.Release|Any CPU.Build.0 = Release|Any CPU
	EndGlobalSection
EndGlobal
